
Microsoft Visual Studio Solution File, Format Version 12.00
# Visual Studio Version 16
VisualStudioVersion = 16.0.30621.155
MinimumVisualStudioVersion = 10.0.40219.1
Project("{FAE04EC0-301F-11D3-BF4B-00C04F79EFBC}") = "simpleDatabase7", "simpleDatabase7\simpleDatabase7.csproj", "{2AA308F2-71DC-4D1A-BE84-AD62C89ADFCA}"
EndProject
Global
	GlobalSection(SolutionConfigurationPlatforms) = preSolution
		Debug|Any CPU = Debug|Any CPU
		Release|Any CPU = Release|Any CPU
	EndGlobalSection
	GlobalSection(ProjectConfigurationPlatforms) = postSolution
		{2AA308F2-71DC-4D1A-BE84-AD62C89ADFCA}.Debug|Any CPU.ActiveCfg = Debug|Any CPU
		{2AA308F2-71DC-4D1A-BE84-AD62C89ADFCA}.Debug|Any CPU.Build.0 = Debug|Any CPU
		{2AA308F2-71DC-4D1A-BE84-AD62C89ADFCA}.Release|Any CPU.ActiveCfg = Release|Any CPU
		{2AA308F2-71DC-4D1A-BE84-AD62C89ADFCA}.Release|Any CPU.Build.0 = Release|Any CPU
	EndGlobalSection
	GlobalSection(SolutionProperties) = preSolution
		HideSolutionNode = FALSE
	EndGlobalSection
	GlobalSection(ExtensibilityGlobals) = postSolution
		SolutionGuid = {9B842A3E-65B1-4B33-9CAE-9787AE7995AF}
	EndGlobalSection
EndGlobal
